
Microsoft Visual Studio Solution File, Format Version 12.00
# Visual Studio Version 16
VisualStudioVersion = 16.0.32228.343
MinimumVisualStudioVersion = 10.0.40219.1
Project("{8BC9CEB8-8B4A-11D0-8D11-00A0C91BC942}") = "模拟实现宏定义计算结构体成员的偏移量", "模拟实现宏定义计算结构体成员的偏移量\模拟实现宏定义计算结构体成员的偏移量.vcxproj", "{C4D52469-3C08-4F07-8E4B-3F2ACDCB81C7}"
EndProject
Global
	GlobalSection(SolutionConfigurationPlatforms) = preSolution
		Debug|x64 = Debug|x64
		Debug|x86 = Debug|x86
		Release|x64 = Release|x64
		Release|x86 = Release|x86
	EndGlobalSection
	GlobalSection(ProjectConfigurationPlatforms) = postSolution
		{C4D52469-3C08-4F07-8E4B-3F2ACDCB81C7}.Debug|x64.ActiveCfg = Debug|x64
		{C4D52469-3C08-4F07-8E4B-3F2ACDCB81C7}.Debug|x64.Build.0 = Debug|x64
		{C4D52469-3C08-4F07-8E4B-3F2ACDCB81C7}.Debug|x86.ActiveCfg = Debug|Win32
		{C4D52469-3C08-4F07-8E4B-3F2ACDCB81C7}.Debug|x86.Build.0 = Debug|Win32
		{C4D52469-3C08-4F07-8E4B-3F2ACDCB81C7}.Release|x64.ActiveCfg = Release|x64
		{C4D52469-3C08-4F07-8E4B-3F2ACDCB81C7}.Release|x64.Build.0 = Release|x64
		{C4D52469-3C08-4F07-8E4B-3F2ACDCB81C7}.Release|x86.ActiveCfg = Release|Win32
		{C4D52469-3C08-4F07-8E4B-3F2ACDCB81C7}.Release|x86.Build.0 = Release|Win32
	EndGlobalSection
	GlobalSection(SolutionProperties) = preSolution
		HideSolutionNode = FALSE
	EndGlobalSection
	GlobalSection(ExtensibilityGlobals) = postSolution
		SolutionGuid = {6731533E-A6A0-47E1-AAD1-2077E2D7D4A2}
	EndGlobalSection
EndGlobal
